
Microsoft Visual Studio Solution File, Format Version 12.00
Project("{2150E333-8FDC-42A3-9474-1A3956D46DE8}") = "Server", "Server", "{5EE52061-10E6-4C66-A6DC-6968FCAD42D9}"
EndProject
Project("{FAE04EC0-301F-11D3-BF4B-00C04F79EFBC}") = "RepositoryContracts", "Server\RepositoryContracts\RepositoryContracts.csproj", "{50B41EE5-DD8A-43E4-A32D-2CE6CB66F4F6}"
EndProject
Project("{FAE04EC0-301F-11D3-BF4B-00C04F79EFBC}") = "LEGACYInMemoryRepo", "Server\LEGACYInMemoryRepo\LEGACYInMemoryRepo.csproj", "{70A1949E-1BF0-4F5C-AD9A-8F6ED19D4A83}"
EndProject
Project("{FAE04EC0-301F-11D3-BF4B-00C04F79EFBC}") = "LEGACYCLI", "Server\LEGACYCLI\LEGACYCLI.csproj", "{9018DE0A-1F13-49B9-A688-1AF4C8AB2021}"
EndProject
Project("{FAE04EC0-301F-11D3-BF4B-00C04F79EFBC}") = "Entities", "Server\Entities\Entities.csproj", "{A73F127D-3926-4335-B133-A514C8A82B4D}"
EndProject
Project("{FAE04EC0-301F-11D3-BF4B-00C04F79EFBC}") = "FileMemoryRepo", "Server\FileMemoryRepo\FileMemoryRepo.csproj", "{F9FE6A7C-31ED-4009-AECE-689EEB10CD75}"
EndProject
Project("{2150E333-8FDC-42A3-9474-1A3956D46DE8}") = "Shared", "Shared", "{60502762-9C86-499D-9047-040786A87DB3}"
EndProject
Project("{FAE04EC0-301F-11D3-BF4B-00C04F79EFBC}") = "DTOs", "DTOs\DTOs.csproj", "{17EBF4B3-2CBA-4A89-9FFE-F88E5EB75AB7}"
EndProject
Project("{FAE04EC0-301F-11D3-BF4B-00C04F79EFBC}") = "MeaningfulName", "Server\MeaningfulName\MeaningfulName.csproj", "{5A44190F-A20C-4EBE-AE2F-C504CBB046A8}"
EndProject
Project("{2150E333-8FDC-42A3-9474-1A3956D46DE8}") = "Client", "Client", "{D5B7B85D-AF9F-43E5-B1E4-198676BA3537}"
EndProject
Project("{FAE04EC0-301F-11D3-BF4B-00C04F79EFBC}") = "Client", "Client\Client.csproj", "{A9C6098C-B451-442A-9C67-6FBECC74BAA5}"
EndProject
Global
	GlobalSection(SolutionConfigurationPlatforms) = preSolution
		Debug|Any CPU = Debug|Any CPU
		Release|Any CPU = Release|Any CPU
	EndGlobalSection
	GlobalSection(ProjectConfigurationPlatforms) = postSolution
		{50B41EE5-DD8A-43E4-A32D-2CE6CB66F4F6}.Debug|Any CPU.ActiveCfg = Debug|Any CPU
		{50B41EE5-DD8A-43E4-A32D-2CE6CB66F4F6}.Debug|Any CPU.Build.0 = Debug|Any CPU
		{50B41EE5-DD8A-43E4-A32D-2CE6CB66F4F6}.Release|Any CPU.ActiveCfg = Release|Any CPU
		{50B41EE5-DD8A-43E4-A32D-2CE6CB66F4F6}.Release|Any CPU.Build.0 = Release|Any CPU
		{70A1949E-1BF0-4F5C-AD9A-8F6ED19D4A83}.Debug|Any CPU.ActiveCfg = Debug|Any CPU
		{70A1949E-1BF0-4F5C-AD9A-8F6ED19D4A83}.Debug|Any CPU.Build.0 = Debug|Any CPU
		{70A1949E-1BF0-4F5C-AD9A-8F6ED19D4A83}.Release|Any CPU.ActiveCfg = Release|Any CPU
		{70A1949E-1BF0-4F5C-AD9A-8F6ED19D4A83}.Release|Any CPU.Build.0 = Release|Any CPU
		{9018DE0A-1F13-49B9-A688-1AF4C8AB2021}.Debug|Any CPU.ActiveCfg = Debug|Any CPU
		{9018DE0A-1F13-49B9-A688-1AF4C8AB2021}.Debug|Any CPU.Build.0 = Debug|Any CPU
		{9018DE0A-1F13-49B9-A688-1AF4C8AB2021}.Release|Any CPU.ActiveCfg = Release|Any CPU
		{9018DE0A-1F13-49B9-A688-1AF4C8AB2021}.Release|Any CPU.Build.0 = Release|Any CPU
		{A73F127D-3926-4335-B133-A514C8A82B4D}.Debug|Any CPU.ActiveCfg = Debug|Any CPU
		{A73F127D-3926-4335-B133-A514C8A82B4D}.Debug|Any CPU.Build.0 = Debug|Any CPU
		{A73F127D-3926-4335-B133-A514C8A82B4D}.Release|Any CPU.ActiveCfg = Release|Any CPU
		{A73F127D-3926-4335-B133-A514C8A82B4D}.Release|Any CPU.Build.0 = Release|Any CPU
		{F9FE6A7C-31ED-4009-AECE-689EEB10CD75}.Debug|Any CPU.ActiveCfg = Debug|Any CPU
		{F9FE6A7C-31ED-4009-AECE-689EEB10CD75}.Debug|Any CPU.Build.0 = Debug|Any CPU
		{F9FE6A7C-31ED-4009-AECE-689EEB10CD75}.Release|Any CPU.ActiveCfg = Release|Any CPU
		{F9FE6A7C-31ED-4009-AECE-689EEB10CD75}.Release|Any CPU.Build.0 = Release|Any CPU
		{17EBF4B3-2CBA-4A89-9FFE-F88E5EB75AB7}.Debug|Any CPU.ActiveCfg = Debug|Any CPU
		{17EBF4B3-2CBA-4A89-9FFE-F88E5EB75AB7}.Debug|Any CPU.Build.0 = Debug|Any CPU
		{17EBF4B3-2CBA-4A89-9FFE-F88E5EB75AB7}.Release|Any CPU.ActiveCfg = Release|Any CPU
		{17EBF4B3-2CBA-4A89-9FFE-F88E5EB75AB7}.Release|Any CPU.Build.0 = Release|Any CPU
		{5A44190F-A20C-4EBE-AE2F-C504CBB046A8}.Debug|Any CPU.ActiveCfg = Debug|Any CPU
		{5A44190F-A20C-4EBE-AE2F-C504CBB046A8}.Debug|Any CPU.Build.0 = Debug|Any CPU
		{5A44190F-A20C-4EBE-AE2F-C504CBB046A8}.Release|Any CPU.ActiveCfg = Release|Any CPU
		{5A44190F-A20C-4EBE-AE2F-C504CBB046A8}.Release|Any CPU.Build.0 = Release|Any CPU
		{A9C6098C-B451-442A-9C67-6FBECC74BAA5}.Debug|Any CPU.ActiveCfg = Debug|Any CPU
		{A9C6098C-B451-442A-9C67-6FBECC74BAA5}.Debug|Any CPU.Build.0 = Debug|Any CPU
		{A9C6098C-B451-442A-9C67-6FBECC74BAA5}.Release|Any CPU.ActiveCfg = Release|Any CPU
		{A9C6098C-B451-442A-9C67-6FBECC74BAA5}.Release|Any CPU.Build.0 = Release|Any CPU
	EndGlobalSection
	GlobalSection(NestedProjects) = preSolution
		{50B41EE5-DD8A-43E4-A32D-2CE6CB66F4F6} = {5EE52061-10E6-4C66-A6DC-6968FCAD42D9}
		{70A1949E-1BF0-4F5C-AD9A-8F6ED19D4A83} = {5EE52061-10E6-4C66-A6DC-6968FCAD42D9}
		{9018DE0A-1F13-49B9-A688-1AF4C8AB2021} = {5EE52061-10E6-4C66-A6DC-6968FCAD42D9}
		{A73F127D-3926-4335-B133-A514C8A82B4D} = {5EE52061-10E6-4C66-A6DC-6968FCAD42D9}
		{F9FE6A7C-31ED-4009-AECE-689EEB10CD75} = {5EE52061-10E6-4C66-A6DC-6968FCAD42D9}
		{17EBF4B3-2CBA-4A89-9FFE-F88E5EB75AB7} = {60502762-9C86-499D-9047-040786A87DB3}
		{5A44190F-A20C-4EBE-AE2F-C504CBB046A8} = {5EE52061-10E6-4C66-A6DC-6968FCAD42D9}
		{A9C6098C-B451-442A-9C67-6FBECC74BAA5} = {D5B7B85D-AF9F-43E5-B1E4-198676BA3537}
	EndGlobalSection
EndGlobal
