
Microsoft Visual Studio Solution File, Format Version 12.00
Project("{2150E333-8FDC-42A3-9474-1A3956D46DE8}") = "Server", "Server", "{5EE52061-10E6-4C66-A6DC-6968FCAD42D9}"
EndProject
Project("{FAE04EC0-301F-11D3-BF4B-00C04F79EFBC}") = "Main", "Main\Main.csproj", "{50116B62-3F47-4001-88D8-B47223F57914}"
EndProject
Global
	GlobalSection(SolutionConfigurationPlatforms) = preSolution
		Debug|Any CPU = Debug|Any CPU
		Release|Any CPU = Release|Any CPU
	EndGlobalSection
	GlobalSection(ProjectConfigurationPlatforms) = postSolution
		{50116B62-3F47-4001-88D8-B47223F57914}.Debug|Any CPU.ActiveCfg = Debug|Any CPU
		{50116B62-3F47-4001-88D8-B47223F57914}.Debug|Any CPU.Build.0 = Debug|Any CPU
		{50116B62-3F47-4001-88D8-B47223F57914}.Release|Any CPU.ActiveCfg = Release|Any CPU
		{50116B62-3F47-4001-88D8-B47223F57914}.Release|Any CPU.Build.0 = Release|Any CPU
	EndGlobalSection
	GlobalSection(NestedProjects) = preSolution
		{50116B62-3F47-4001-88D8-B47223F57914} = {5EE52061-10E6-4C66-A6DC-6968FCAD42D9}
	EndGlobalSection
EndGlobal
